
Microsoft Visual Studio Solution File, Format Version 12.00
# Visual Studio 2012
Project("{FAE04EC0-301F-11D3-BF4B-00C04F79EFBC}") = "BusquedaSelect", "BusquedaSelect\BusquedaSelect.csproj", "{A0691588-AF36-4604-AB04-4C0F832CD51B}"
EndProject
Project("{FAE04EC0-301F-11D3-BF4B-00C04F79EFBC}") = "Prueba", "Prueba\Prueba.csproj", "{1FB52726-CE4F-43DC-9D64-171946D75404}"
EndProject
Global
	GlobalSection(SolutionConfigurationPlatforms) = preSolution
		Debug|Any CPU = Debug|Any CPU
		Debug|x86 = Debug|x86
		Release|Any CPU = Release|Any CPU
		Release|x86 = Release|x86
	EndGlobalSection
	GlobalSection(ProjectConfigurationPlatforms) = postSolution
		{A0691588-AF36-4604-AB04-4C0F832CD51B}.Debug|Any CPU.ActiveCfg = Debug|Any CPU
		{A0691588-AF36-4604-AB04-4C0F832CD51B}.Debug|Any CPU.Build.0 = Debug|Any CPU
		{A0691588-AF36-4604-AB04-4C0F832CD51B}.Debug|x86.ActiveCfg = Debug|x86
		{A0691588-AF36-4604-AB04-4C0F832CD51B}.Debug|x86.Build.0 = Debug|x86
		{A0691588-AF36-4604-AB04-4C0F832CD51B}.Release|Any CPU.ActiveCfg = Release|Any CPU
		{A0691588-AF36-4604-AB04-4C0F832CD51B}.Release|Any CPU.Build.0 = Release|Any CPU
		{A0691588-AF36-4604-AB04-4C0F832CD51B}.Release|x86.ActiveCfg = Release|x86
		{A0691588-AF36-4604-AB04-4C0F832CD51B}.Release|x86.Build.0 = Release|x86
		{1FB52726-CE4F-43DC-9D64-171946D75404}.Debug|Any CPU.ActiveCfg = Debug|Any CPU
		{1FB52726-CE4F-43DC-9D64-171946D75404}.Debug|Any CPU.Build.0 = Debug|Any CPU
		{1FB52726-CE4F-43DC-9D64-171946D75404}.Debug|x86.ActiveCfg = Debug|x86
		{1FB52726-CE4F-43DC-9D64-171946D75404}.Debug|x86.Build.0 = Debug|x86
		{1FB52726-CE4F-43DC-9D64-171946D75404}.Release|Any CPU.ActiveCfg = Release|Any CPU
		{1FB52726-CE4F-43DC-9D64-171946D75404}.Release|Any CPU.Build.0 = Release|Any CPU
		{1FB52726-CE4F-43DC-9D64-171946D75404}.Release|x86.ActiveCfg = Release|x86
		{1FB52726-CE4F-43DC-9D64-171946D75404}.Release|x86.Build.0 = Release|x86
	EndGlobalSection
	GlobalSection(SolutionProperties) = preSolution
		HideSolutionNode = FALSE
	EndGlobalSection
EndGlobal
